
Microsoft Visual Studio Solution File, Format Version 12.00
# Visual Studio 2012
Project("{FAE04EC0-301F-11D3-BF4B-00C04F79EFBC}") = "Hashtable1", "Hashtable1\Hashtable1.csproj", "{9E864739-EA25-44F2-BC91-C3A47D154FA8}"
EndProject
Project("{FAE04EC0-301F-11D3-BF4B-00C04F79EFBC}") = "HashTable.Test", "HashTable.Test\HashTable.Test.csproj", "{81008A1F-3D33-4344-8506-536690047464}"
EndProject
Project("{FAE04EC0-301F-11D3-BF4B-00C04F79EFBC}") = "List.Tests", "List.Tests\List.Tests.csproj", "{79D2A4A3-9624-4302-B55A-EBF6AD1C2D86}"
EndProject
Global
	GlobalSection(SolutionConfigurationPlatforms) = preSolution
		Debug|Any CPU = Debug|Any CPU
		Release|Any CPU = Release|Any CPU
	EndGlobalSection
	GlobalSection(ProjectConfigurationPlatforms) = postSolution
		{9E864739-EA25-44F2-BC91-C3A47D154FA8}.Debug|Any CPU.ActiveCfg = Debug|Any CPU
		{9E864739-EA25-44F2-BC91-C3A47D154FA8}.Debug|Any CPU.Build.0 = Debug|Any CPU
		{9E864739-EA25-44F2-BC91-C3A47D154FA8}.Release|Any CPU.ActiveCfg = Release|Any CPU
		{9E864739-EA25-44F2-BC91-C3A47D154FA8}.Release|Any CPU.Build.0 = Release|Any CPU
		{81008A1F-3D33-4344-8506-536690047464}.Debug|Any CPU.ActiveCfg = Debug|Any CPU
		{81008A1F-3D33-4344-8506-536690047464}.Debug|Any CPU.Build.0 = Debug|Any CPU
		{81008A1F-3D33-4344-8506-536690047464}.Release|Any CPU.ActiveCfg = Release|Any CPU
		{81008A1F-3D33-4344-8506-536690047464}.Release|Any CPU.Build.0 = Release|Any CPU
		{79D2A4A3-9624-4302-B55A-EBF6AD1C2D86}.Debug|Any CPU.ActiveCfg = Debug|Any CPU
		{79D2A4A3-9624-4302-B55A-EBF6AD1C2D86}.Debug|Any CPU.Build.0 = Debug|Any CPU
		{79D2A4A3-9624-4302-B55A-EBF6AD1C2D86}.Release|Any CPU.ActiveCfg = Release|Any CPU
		{79D2A4A3-9624-4302-B55A-EBF6AD1C2D86}.Release|Any CPU.Build.0 = Release|Any CPU
	EndGlobalSection
	GlobalSection(SolutionProperties) = preSolution
		HideSolutionNode = FALSE
	EndGlobalSection
EndGlobal
