
Microsoft Visual Studio Solution File, Format Version 11.00
# Visual Studio 2010
Project("{8BC9CEB8-8B4A-11D0-8D11-00A0C91BC942}") = "Задача_9", "Задача_9\Задача_9.vcxproj", "{FD23D550-E412-4E6F-88E4-7641AF2AA8A1}"
EndProject
Global
	GlobalSection(SolutionConfigurationPlatforms) = preSolution
		Debug|Win32 = Debug|Win32
		Release|Win32 = Release|Win32
	EndGlobalSection
	GlobalSection(ProjectConfigurationPlatforms) = postSolution
		{FD23D550-E412-4E6F-88E4-7641AF2AA8A1}.Debug|Win32.ActiveCfg = Debug|Win32
		{FD23D550-E412-4E6F-88E4-7641AF2AA8A1}.Debug|Win32.Build.0 = Debug|Win32
		{FD23D550-E412-4E6F-88E4-7641AF2AA8A1}.Release|Win32.ActiveCfg = Release|Win32
		{FD23D550-E412-4E6F-88E4-7641AF2AA8A1}.Release|Win32.Build.0 = Release|Win32
	EndGlobalSection
	GlobalSection(SolutionProperties) = preSolution
		HideSolutionNode = FALSE
	EndGlobalSection
EndGlobal
