
Microsoft Visual Studio Solution File, Format Version 12.00
# Visual Studio 2012
Project("{FAE04EC0-301F-11D3-BF4B-00C04F79EFBC}") = "ConsoleApplication4", "ConsoleApplication4\ConsoleApplication4.csproj", "{8A4B02D3-D36B-4928-A2DA-D24BAA98FF17}"
EndProject
Project("{FAE04EC0-301F-11D3-BF4B-00C04F79EFBC}") = "Spiral.Test", "Spiral.Test\Spiral.Test.csproj", "{A78953D0-CD5E-4EF8-98AB-9C90EC1A64B0}"
EndProject
Global
	GlobalSection(SolutionConfigurationPlatforms) = preSolution
		Debug|Any CPU = Debug|Any CPU
		Release|Any CPU = Release|Any CPU
	EndGlobalSection
	GlobalSection(ProjectConfigurationPlatforms) = postSolution
		{8A4B02D3-D36B-4928-A2DA-D24BAA98FF17}.Debug|Any CPU.ActiveCfg = Debug|Any CPU
		{8A4B02D3-D36B-4928-A2DA-D24BAA98FF17}.Debug|Any CPU.Build.0 = Debug|Any CPU
		{8A4B02D3-D36B-4928-A2DA-D24BAA98FF17}.Release|Any CPU.ActiveCfg = Release|Any CPU
		{8A4B02D3-D36B-4928-A2DA-D24BAA98FF17}.Release|Any CPU.Build.0 = Release|Any CPU
		{A78953D0-CD5E-4EF8-98AB-9C90EC1A64B0}.Debug|Any CPU.ActiveCfg = Debug|Any CPU
		{A78953D0-CD5E-4EF8-98AB-9C90EC1A64B0}.Debug|Any CPU.Build.0 = Debug|Any CPU
		{A78953D0-CD5E-4EF8-98AB-9C90EC1A64B0}.Release|Any CPU.ActiveCfg = Release|Any CPU
		{A78953D0-CD5E-4EF8-98AB-9C90EC1A64B0}.Release|Any CPU.Build.0 = Release|Any CPU
	EndGlobalSection
	GlobalSection(SolutionProperties) = preSolution
		HideSolutionNode = FALSE
	EndGlobalSection
EndGlobal
