
Microsoft Visual Studio Solution File, Format Version 12.00
# Visual Studio 2012
Project("{FAE04EC0-301F-11D3-BF4B-00C04F79EFBC}") = "MatrixSort", "MatrixSort\MatrixSort.csproj", "{EF3E3CF5-489C-4020-8EB6-AED8C0DC74DD}"
EndProject
Project("{FAE04EC0-301F-11D3-BF4B-00C04F79EFBC}") = "MatrixSort.Tests", "MatrixSort.Tests\MatrixSort.Tests.csproj", "{A846D37D-544E-4062-B701-D89849767704}"
EndProject
Global
	GlobalSection(SolutionConfigurationPlatforms) = preSolution
		Debug|Any CPU = Debug|Any CPU
		Release|Any CPU = Release|Any CPU
	EndGlobalSection
	GlobalSection(ProjectConfigurationPlatforms) = postSolution
		{EF3E3CF5-489C-4020-8EB6-AED8C0DC74DD}.Debug|Any CPU.ActiveCfg = Debug|Any CPU
		{EF3E3CF5-489C-4020-8EB6-AED8C0DC74DD}.Debug|Any CPU.Build.0 = Debug|Any CPU
		{EF3E3CF5-489C-4020-8EB6-AED8C0DC74DD}.Release|Any CPU.ActiveCfg = Release|Any CPU
		{EF3E3CF5-489C-4020-8EB6-AED8C0DC74DD}.Release|Any CPU.Build.0 = Release|Any CPU
		{A846D37D-544E-4062-B701-D89849767704}.Debug|Any CPU.ActiveCfg = Debug|Any CPU
		{A846D37D-544E-4062-B701-D89849767704}.Debug|Any CPU.Build.0 = Debug|Any CPU
		{A846D37D-544E-4062-B701-D89849767704}.Release|Any CPU.ActiveCfg = Release|Any CPU
		{A846D37D-544E-4062-B701-D89849767704}.Release|Any CPU.Build.0 = Release|Any CPU
	EndGlobalSection
	GlobalSection(SolutionProperties) = preSolution
		HideSolutionNode = FALSE
	EndGlobalSection
EndGlobal
