
Microsoft Visual Studio Solution File, Format Version 12.00
# Visual Studio 2012
Project("{FAE04EC0-301F-11D3-BF4B-00C04F79EFBC}") = "StackCalculator", "StackCalculator\StackCalculator.csproj", "{0237113C-7B9F-458D-A41B-60BB1E1DBDB7}"
EndProject
Project("{FAE04EC0-301F-11D3-BF4B-00C04F79EFBC}") = "ArrayStack.Tests", "ArrayStack.Tests\ArrayStack.Tests.csproj", "{55820C75-E554-4678-84D7-AA0F00CE75B1}"
EndProject
Project("{FAE04EC0-301F-11D3-BF4B-00C04F79EFBC}") = "PointerStack.Tests", "PointerStack.Tests\PointerStack.Tests.csproj", "{D6EBE542-55DD-4F08-9503-F7B9C84D5C70}"
EndProject
Global
	GlobalSection(SolutionConfigurationPlatforms) = preSolution
		Debug|Any CPU = Debug|Any CPU
		Release|Any CPU = Release|Any CPU
	EndGlobalSection
	GlobalSection(ProjectConfigurationPlatforms) = postSolution
		{0237113C-7B9F-458D-A41B-60BB1E1DBDB7}.Debug|Any CPU.ActiveCfg = Debug|Any CPU
		{0237113C-7B9F-458D-A41B-60BB1E1DBDB7}.Debug|Any CPU.Build.0 = Debug|Any CPU
		{0237113C-7B9F-458D-A41B-60BB1E1DBDB7}.Release|Any CPU.ActiveCfg = Release|Any CPU
		{0237113C-7B9F-458D-A41B-60BB1E1DBDB7}.Release|Any CPU.Build.0 = Release|Any CPU
		{55820C75-E554-4678-84D7-AA0F00CE75B1}.Debug|Any CPU.ActiveCfg = Debug|Any CPU
		{55820C75-E554-4678-84D7-AA0F00CE75B1}.Debug|Any CPU.Build.0 = Debug|Any CPU
		{55820C75-E554-4678-84D7-AA0F00CE75B1}.Release|Any CPU.ActiveCfg = Release|Any CPU
		{55820C75-E554-4678-84D7-AA0F00CE75B1}.Release|Any CPU.Build.0 = Release|Any CPU
		{D6EBE542-55DD-4F08-9503-F7B9C84D5C70}.Debug|Any CPU.ActiveCfg = Debug|Any CPU
		{D6EBE542-55DD-4F08-9503-F7B9C84D5C70}.Debug|Any CPU.Build.0 = Debug|Any CPU
		{D6EBE542-55DD-4F08-9503-F7B9C84D5C70}.Release|Any CPU.ActiveCfg = Release|Any CPU
		{D6EBE542-55DD-4F08-9503-F7B9C84D5C70}.Release|Any CPU.Build.0 = Release|Any CPU
	EndGlobalSection
	GlobalSection(SolutionProperties) = preSolution
		HideSolutionNode = FALSE
	EndGlobalSection
EndGlobal
