
Microsoft Visual Studio Solution File, Format Version 12.00
# Visual Studio 2013
VisualStudioVersion = 12.0.20617.1 PREVIEW
MinimumVisualStudioVersion = 10.0.40219.1
Project("{FAE04EC0-301F-11D3-BF4B-00C04F79EFBC}") = "TreeIterator", "TreeIterator\TreeIterator.csproj", "{01FCAFC5-3913-478E-A34D-8038130F2EAD}"
EndProject
Project("{FAE04EC0-301F-11D3-BF4B-00C04F79EFBC}") = "TreeIterator.Tests", "TreeIterator.Tests\TreeIterator.Tests.csproj", "{4F383B5A-82DF-496D-A25F-E6CE9284F499}"
EndProject
Global
	GlobalSection(SolutionConfigurationPlatforms) = preSolution
		Debug|Any CPU = Debug|Any CPU
		Release|Any CPU = Release|Any CPU
	EndGlobalSection
	GlobalSection(ProjectConfigurationPlatforms) = postSolution
		{01FCAFC5-3913-478E-A34D-8038130F2EAD}.Debug|Any CPU.ActiveCfg = Debug|Any CPU
		{01FCAFC5-3913-478E-A34D-8038130F2EAD}.Debug|Any CPU.Build.0 = Debug|Any CPU
		{01FCAFC5-3913-478E-A34D-8038130F2EAD}.Release|Any CPU.ActiveCfg = Release|Any CPU
		{01FCAFC5-3913-478E-A34D-8038130F2EAD}.Release|Any CPU.Build.0 = Release|Any CPU
		{4F383B5A-82DF-496D-A25F-E6CE9284F499}.Debug|Any CPU.ActiveCfg = Debug|Any CPU
		{4F383B5A-82DF-496D-A25F-E6CE9284F499}.Debug|Any CPU.Build.0 = Debug|Any CPU
		{4F383B5A-82DF-496D-A25F-E6CE9284F499}.Release|Any CPU.ActiveCfg = Release|Any CPU
		{4F383B5A-82DF-496D-A25F-E6CE9284F499}.Release|Any CPU.Build.0 = Release|Any CPU
	EndGlobalSection
	GlobalSection(SolutionProperties) = preSolution
		HideSolutionNode = FALSE
	EndGlobalSection
EndGlobal
