
Microsoft Visual Studio Solution File, Format Version 12.00
# Visual Studio 2013
VisualStudioVersion = 12.0.21005.1
MinimumVisualStudioVersion = 10.0.40219.1
Project("{F2A71F9B-5D33-465A-A702-920D77279786}") = "Factorial", "Factorial\Factorial.fsproj", "{2AACCC40-C20D-4101-824E-7561DF8D4F39}"
EndProject
Global
	GlobalSection(SolutionConfigurationPlatforms) = preSolution
		Debug|Any CPU = Debug|Any CPU
		Release|Any CPU = Release|Any CPU
	EndGlobalSection
	GlobalSection(ProjectConfigurationPlatforms) = postSolution
		{2AACCC40-C20D-4101-824E-7561DF8D4F39}.Debug|Any CPU.ActiveCfg = Debug|Any CPU
		{2AACCC40-C20D-4101-824E-7561DF8D4F39}.Debug|Any CPU.Build.0 = Debug|Any CPU
		{2AACCC40-C20D-4101-824E-7561DF8D4F39}.Release|Any CPU.ActiveCfg = Release|Any CPU
		{2AACCC40-C20D-4101-824E-7561DF8D4F39}.Release|Any CPU.Build.0 = Release|Any CPU
	EndGlobalSection
	GlobalSection(SolutionProperties) = preSolution
		HideSolutionNode = FALSE
	EndGlobalSection
EndGlobal
