
Microsoft Visual Studio Solution File, Format Version 12.00
# Visual Studio 2012
Project("{F2A71F9B-5D33-465A-A702-920D77279786}") = "Telephone", "Telephone\Telephone.fsproj", "{71BCC3FC-07D1-49B3-A7F3-9F7D19154CB0}"
EndProject
Global
	GlobalSection(SolutionConfigurationPlatforms) = preSolution
		Debug|Any CPU = Debug|Any CPU
		Release|Any CPU = Release|Any CPU
	EndGlobalSection
	GlobalSection(ProjectConfigurationPlatforms) = postSolution
		{71BCC3FC-07D1-49B3-A7F3-9F7D19154CB0}.Debug|Any CPU.ActiveCfg = Debug|Any CPU
		{71BCC3FC-07D1-49B3-A7F3-9F7D19154CB0}.Debug|Any CPU.Build.0 = Debug|Any CPU
		{71BCC3FC-07D1-49B3-A7F3-9F7D19154CB0}.Release|Any CPU.ActiveCfg = Release|Any CPU
		{71BCC3FC-07D1-49B3-A7F3-9F7D19154CB0}.Release|Any CPU.Build.0 = Release|Any CPU
	EndGlobalSection
	GlobalSection(SolutionProperties) = preSolution
		HideSolutionNode = FALSE
	EndGlobalSection
EndGlobal
