
Microsoft Visual Studio Solution File, Format Version 12.00
# Visual Studio 2012
Project("{FAE04EC0-301F-11D3-BF4B-00C04F79EFBC}") = "List", "List\List.csproj", "{098AE92F-AF5B-4354-A988-6B4FF2714618}"
EndProject
Project("{FAE04EC0-301F-11D3-BF4B-00C04F79EFBC}") = "List.Tests", "List.Tests\List.Tests.csproj", "{982BD20C-604E-404D-8244-EDB79B47782D}"
EndProject
Global
	GlobalSection(SolutionConfigurationPlatforms) = preSolution
		Debug|Any CPU = Debug|Any CPU
		Release|Any CPU = Release|Any CPU
	EndGlobalSection
	GlobalSection(ProjectConfigurationPlatforms) = postSolution
		{098AE92F-AF5B-4354-A988-6B4FF2714618}.Debug|Any CPU.ActiveCfg = Debug|Any CPU
		{098AE92F-AF5B-4354-A988-6B4FF2714618}.Debug|Any CPU.Build.0 = Debug|Any CPU
		{098AE92F-AF5B-4354-A988-6B4FF2714618}.Release|Any CPU.ActiveCfg = Release|Any CPU
		{098AE92F-AF5B-4354-A988-6B4FF2714618}.Release|Any CPU.Build.0 = Release|Any CPU
		{982BD20C-604E-404D-8244-EDB79B47782D}.Debug|Any CPU.ActiveCfg = Debug|Any CPU
		{982BD20C-604E-404D-8244-EDB79B47782D}.Debug|Any CPU.Build.0 = Debug|Any CPU
		{982BD20C-604E-404D-8244-EDB79B47782D}.Release|Any CPU.ActiveCfg = Release|Any CPU
		{982BD20C-604E-404D-8244-EDB79B47782D}.Release|Any CPU.Build.0 = Release|Any CPU
	EndGlobalSection
	GlobalSection(SolutionProperties) = preSolution
		HideSolutionNode = FALSE
	EndGlobalSection
EndGlobal
