
Microsoft Visual Studio Solution File, Format Version 11.00
# Visual Studio 2010
Project("{8BC9CEB8-8B4A-11D0-8D11-00A0C91BC942}") = "Задача_8", "Задача_8\Задача_8.vcxproj", "{A2B86863-E95B-4E4B-AF03-F60420535CB7}"
EndProject
Global
	GlobalSection(SolutionConfigurationPlatforms) = preSolution
		Debug|Win32 = Debug|Win32
		Release|Win32 = Release|Win32
	EndGlobalSection
	GlobalSection(ProjectConfigurationPlatforms) = postSolution
		{A2B86863-E95B-4E4B-AF03-F60420535CB7}.Debug|Win32.ActiveCfg = Debug|Win32
		{A2B86863-E95B-4E4B-AF03-F60420535CB7}.Debug|Win32.Build.0 = Debug|Win32
		{A2B86863-E95B-4E4B-AF03-F60420535CB7}.Release|Win32.ActiveCfg = Release|Win32
		{A2B86863-E95B-4E4B-AF03-F60420535CB7}.Release|Win32.Build.0 = Release|Win32
	EndGlobalSection
	GlobalSection(SolutionProperties) = preSolution
		HideSolutionNode = FALSE
	EndGlobalSection
EndGlobal
